
Microsoft Visual Studio Solution File, Format Version 12.00
# Visual Studio Version 16
VisualStudioVersion = 16.0.30204.135
MinimumVisualStudioVersion = 10.0.40219.1
Project("{FAE04EC0-301F-11D3-BF4B-00C04F79EFBC}") = "appBuscaCep.Android", "appBuscaCep\appBuscaCep.Android\appBuscaCep.Android.csproj", "{A2C949AE-9560-4A91-8559-75243421336D}"
EndProject
Project("{FAE04EC0-301F-11D3-BF4B-00C04F79EFBC}") = "appBuscaCep", "appBuscaCep\appBuscaCep\appBuscaCep.csproj", "{94725ECE-3E18-4718-BB85-B05FD4BAEA9C}"
EndProject
Global
	GlobalSection(SolutionConfigurationPlatforms) = preSolution
		Debug|Any CPU = Debug|Any CPU
		Release|Any CPU = Release|Any CPU
	EndGlobalSection
	GlobalSection(ProjectConfigurationPlatforms) = postSolution
		{A2C949AE-9560-4A91-8559-75243421336D}.Debug|Any CPU.ActiveCfg = Debug|Any CPU
		{A2C949AE-9560-4A91-8559-75243421336D}.Debug|Any CPU.Build.0 = Debug|Any CPU
		{A2C949AE-9560-4A91-8559-75243421336D}.Debug|Any CPU.Deploy.0 = Debug|Any CPU
		{A2C949AE-9560-4A91-8559-75243421336D}.Release|Any CPU.ActiveCfg = Release|Any CPU
		{A2C949AE-9560-4A91-8559-75243421336D}.Release|Any CPU.Build.0 = Release|Any CPU
		{A2C949AE-9560-4A91-8559-75243421336D}.Release|Any CPU.Deploy.0 = Release|Any CPU
		{94725ECE-3E18-4718-BB85-B05FD4BAEA9C}.Debug|Any CPU.ActiveCfg = Debug|Any CPU
		{94725ECE-3E18-4718-BB85-B05FD4BAEA9C}.Debug|Any CPU.Build.0 = Debug|Any CPU
		{94725ECE-3E18-4718-BB85-B05FD4BAEA9C}.Debug|Any CPU.Deploy.0 = Debug|Any CPU
		{94725ECE-3E18-4718-BB85-B05FD4BAEA9C}.Release|Any CPU.ActiveCfg = Release|Any CPU
		{94725ECE-3E18-4718-BB85-B05FD4BAEA9C}.Release|Any CPU.Build.0 = Release|Any CPU
		{94725ECE-3E18-4718-BB85-B05FD4BAEA9C}.Release|Any CPU.Deploy.0 = Release|Any CPU
	EndGlobalSection
	GlobalSection(SolutionProperties) = preSolution
		HideSolutionNode = FALSE
	EndGlobalSection
	GlobalSection(ExtensibilityGlobals) = postSolution
		SolutionGuid = {F33B89E7-0813-4DAC-98FC-055EC2E88B94}
	EndGlobalSection
EndGlobal
